
Microsoft Visual Studio Solution File, Format Version 12.00
# Visual Studio Version 17
VisualStudioVersion = 17.4.33122.133
MinimumVisualStudioVersion = 10.0.40219.1
Project("{2150E333-8FDC-42A3-9474-1A3956D46DE8}") = "Data", "Data", "{CE4CFD9C-51BA-45C0-8798-2E094274E238}"
EndProject
Project("{2150E333-8FDC-42A3-9474-1A3956D46DE8}") = "Services", "Services", "{43837924-D5E5-4EF9-912D-FD11E17E5176}"
EndProject
Project("{2150E333-8FDC-42A3-9474-1A3956D46DE8}") = "Systems", "Systems", "{D2DB4AE5-8BBD-4F96-9768-E5CA72EA2102}"
EndProject
Project("{2150E333-8FDC-42A3-9474-1A3956D46DE8}") = "Shared", "Shared", "{4A86B018-6728-44BE-8DCD-3E7182C6E148}"
EndProject
Project("{2150E333-8FDC-42A3-9474-1A3956D46DE8}") = "Api", "Api", "{F2B29EE7-A797-4AD8-9D9D-33ED4FD4846F}"
EndProject
Project("{9A19103F-16F7-4668-BE54-9A1E7A4F7556}") = "RentScooter.Api", "Systems\Api\RentScooter.Api\RentScooter.Api.csproj", "{1604D003-4B97-4ECF-9FEA-7CEF7B5B7C7F}"
EndProject
Project("{2150E333-8FDC-42A3-9474-1A3956D46DE8}") = "Migrations", "Migrations", "{33F70A51-2EA1-4985-BB91-360767DEDE5B}"
EndProject
Project("{9A19103F-16F7-4668-BE54-9A1E7A4F7556}") = "RentScooter.Context.MigrationsPostgreSQL", "Data\Migrations\RentScooter.Context.MigrationsPostgreSQL\RentScooter.Context.MigrationsPostgreSQL.csproj", "{6080D2F9-7351-43DA-865C-1187CFE717A6}"
EndProject
Project("{9A19103F-16F7-4668-BE54-9A1E7A4F7556}") = "RentScooter.Context", "Data\RentScooter.Context\RentScooter.Context.csproj", "{3657C22E-61BF-4FEE-AE15-0EAD070B1307}"
EndProject
Project("{9A19103F-16F7-4668-BE54-9A1E7A4F7556}") = "RentScooter.Context.Entities", "Data\RentScooter.Context.Entities\RentScooter.Context.Entities.csproj", "{A117D233-F8A5-43E7-90E6-126C70F8A0C0}"
EndProject
Project("{9A19103F-16F7-4668-BE54-9A1E7A4F7556}") = "RentScooter.Context.MigrationsMSSQL", "Data\Migrations\RentScooter.Context.MigrationsMSSQL\RentScooter.Context.MigrationsMSSQL.csproj", "{448FCE29-97B5-464C-A491-E06B5BD53908}"
EndProject
Project("{9A19103F-16F7-4668-BE54-9A1E7A4F7556}") = "RentScooter.Settings", "Shared\RentScooter.Settings\RentScooter.Settings.csproj", "{5B4C1B75-B7FD-4BBF-A22F-7279739A7AAD}"
EndProject
Project("{9A19103F-16F7-4668-BE54-9A1E7A4F7556}") = "RentScooter.Services.Actions", "Services\RentScooter.Services.Actions\RentScooter.Services.Actions.csproj", "{7318D5C6-AB80-4331-B500-1630B84EEB73}"
EndProject
Project("{9A19103F-16F7-4668-BE54-9A1E7A4F7556}") = "RentScooter.Services.Cache", "Services\RentScooter.Services.Cache\RentScooter.Services.Cache.csproj", "{FA133487-5194-45D5-9070-2DEAE5EBDF33}"
EndProject
Project("{9A19103F-16F7-4668-BE54-9A1E7A4F7556}") = "RentScooter.Services.EmailSender", "Services\RentScooter.Services.EmailSender\RentScooter.Services.EmailSender.csproj", "{30331660-73B0-4F90-87FC-FA40EACD1700}"
EndProject
Project("{9A19103F-16F7-4668-BE54-9A1E7A4F7556}") = "RentScooter.Services.RabbitMq", "Services\RentScooter.Services.RabbitMq\RentScooter.Services.RabbitMq.csproj", "{BD1F3743-E124-4302-AC7F-9F38274A076A}"
EndProject
Project("{9A19103F-16F7-4668-BE54-9A1E7A4F7556}") = "RentScooter.Services.Settings", "Services\RentScooter.Services.Settings\RentScooter.Services.Settings.csproj", "{208614C2-A85A-4D89-8D81-6EA0C1E8A7D1}"
EndProject
Project("{9A19103F-16F7-4668-BE54-9A1E7A4F7556}") = "RentScooter.Services.UserAccount", "Services\RentScooter.Services.UserAccount\RentScooter.Services.UserAccount.csproj", "{79A6B0C2-E4A7-4F90-BFC4-A2ED27CE6CBF}"
EndProject
Project("{9A19103F-16F7-4668-BE54-9A1E7A4F7556}") = "RentScooter.Services.Scooters", "Services\RentScooter.Services.Scooters\RentScooter.Services.Scooters.csproj", "{75EBCA97-2F71-44FA-8996-B5F2159588AD}"
EndProject
Project("{9A19103F-16F7-4668-BE54-9A1E7A4F7556}") = "RentScooter.Consts", "Shared\RentScooter.Consts\RentScooter.Consts.csproj", "{420F0AE3-05EC-462E-9732-65AE55461419}"
EndProject
Project("{9A19103F-16F7-4668-BE54-9A1E7A4F7556}") = "RentScooter.Common", "Shared\RentScooter.Common\RentScooter.Common.csproj", "{5DB68F9A-1D99-488F-A988-842422D7B707}"
EndProject
Project("{2150E333-8FDC-42A3-9474-1A3956D46DE8}") = "Identity", "Identity", "{6B4772BF-50BA-4450-95A8-38728E2E0B8A}"
EndProject
Project("{2150E333-8FDC-42A3-9474-1A3956D46DE8}") = "Web", "Web", "{ACF6C651-B4B4-4FF3-9EC0-1E1B640F6502}"
EndProject
Project("{2150E333-8FDC-42A3-9474-1A3956D46DE8}") = "Workers", "Workers", "{184A112B-8CD7-452F-9E97-D16EDA46E6AF}"
EndProject
Project("{9A19103F-16F7-4668-BE54-9A1E7A4F7556}") = "RentScooter.Identity", "Systems\Identity\RentScooter.Identity\RentScooter.Identity.csproj", "{0366C4D9-0FEA-41A2-AA4E-74FB0B656C01}"
EndProject
Project("{9A19103F-16F7-4668-BE54-9A1E7A4F7556}") = "RentScooter.Worker", "Systems\Workers\RentScooter.Worker\RentScooter.Worker.csproj", "{E82CD04B-B55B-48E0-9657-4316301D7E77}"
EndProject
Project("{9A19103F-16F7-4668-BE54-9A1E7A4F7556}") = "RentScooter.Web", "Systems\Web\RentScooter.Web\RentScooter.Web.csproj", "{51E2F35F-F459-490B-9CF3-C4F0ABB9D7FE}"
EndProject
Project("{9A19103F-16F7-4668-BE54-9A1E7A4F7556}") = "RentScooter.Api.Settings", "Systems\Api\RentScooter.Api.Settings\RentScooter.Api.Settings.csproj", "{A1259E88-BF41-4E8F-9DBC-5C007B0DFB54}"
EndProject
Project("{E53339B2-1760-4266-BCC7-CA923CBCF16C}") = "docker-compose", "docker-compose.dcproj", "{26CEA63E-7472-4B4E-B3EC-2CDA3AA6BDDA}"
EndProject
Project("{9A19103F-16F7-4668-BE54-9A1E7A4F7556}") = "RentScooter.Services.Brands", "Services\RentScooter.Services.Brands\RentScooter.Services.Brands.csproj", "{DCCA2974-E8F2-4A7C-A2B1-1C5F44C43B7B}"
EndProject
Project("{FAE04EC0-301F-11D3-BF4B-00C04F79EFBC}") = "RentScooter.Services.Rents", "Services\RentScooter.Services.Rents\RentScooter.Services.Rents.csproj", "{7F94180B-58BC-4697-87B3-B6ABAA1D89A7}"
EndProject
Global
	GlobalSection(SolutionConfigurationPlatforms) = preSolution
		Debug|Any CPU = Debug|Any CPU
		Debug|x64 = Debug|x64
		Debug|x86 = Debug|x86
		Release|Any CPU = Release|Any CPU
		Release|x64 = Release|x64
		Release|x86 = Release|x86
	EndGlobalSection
	GlobalSection(ProjectConfigurationPlatforms) = postSolution
		{1604D003-4B97-4ECF-9FEA-7CEF7B5B7C7F}.Debug|Any CPU.ActiveCfg = Debug|Any CPU
		{1604D003-4B97-4ECF-9FEA-7CEF7B5B7C7F}.Debug|Any CPU.Build.0 = Debug|Any CPU
		{1604D003-4B97-4ECF-9FEA-7CEF7B5B7C7F}.Debug|x64.ActiveCfg = Debug|Any CPU
		{1604D003-4B97-4ECF-9FEA-7CEF7B5B7C7F}.Debug|x64.Build.0 = Debug|Any CPU
		{1604D003-4B97-4ECF-9FEA-7CEF7B5B7C7F}.Debug|x86.ActiveCfg = Debug|Any CPU
		{1604D003-4B97-4ECF-9FEA-7CEF7B5B7C7F}.Debug|x86.Build.0 = Debug|Any CPU
		{1604D003-4B97-4ECF-9FEA-7CEF7B5B7C7F}.Release|Any CPU.ActiveCfg = Release|Any CPU
		{1604D003-4B97-4ECF-9FEA-7CEF7B5B7C7F}.Release|Any CPU.Build.0 = Release|Any CPU
		{1604D003-4B97-4ECF-9FEA-7CEF7B5B7C7F}.Release|x64.ActiveCfg = Release|Any CPU
		{1604D003-4B97-4ECF-9FEA-7CEF7B5B7C7F}.Release|x64.Build.0 = Release|Any CPU
		{1604D003-4B97-4ECF-9FEA-7CEF7B5B7C7F}.Release|x86.ActiveCfg = Release|Any CPU
		{1604D003-4B97-4ECF-9FEA-7CEF7B5B7C7F}.Release|x86.Build.0 = Release|Any CPU
		{6080D2F9-7351-43DA-865C-1187CFE717A6}.Debug|Any CPU.ActiveCfg = Debug|Any CPU
		{6080D2F9-7351-43DA-865C-1187CFE717A6}.Debug|Any CPU.Build.0 = Debug|Any CPU
		{6080D2F9-7351-43DA-865C-1187CFE717A6}.Debug|x64.ActiveCfg = Debug|Any CPU
		{6080D2F9-7351-43DA-865C-1187CFE717A6}.Debug|x64.Build.0 = Debug|Any CPU
		{6080D2F9-7351-43DA-865C-1187CFE717A6}.Debug|x86.ActiveCfg = Debug|Any CPU
		{6080D2F9-7351-43DA-865C-1187CFE717A6}.Debug|x86.Build.0 = Debug|Any CPU
		{6080D2F9-7351-43DA-865C-1187CFE717A6}.Release|Any CPU.ActiveCfg = Release|Any CPU
		{6080D2F9-7351-43DA-865C-1187CFE717A6}.Release|Any CPU.Build.0 = Release|Any CPU
		{6080D2F9-7351-43DA-865C-1187CFE717A6}.Release|x64.ActiveCfg = Release|Any CPU
		{6080D2F9-7351-43DA-865C-1187CFE717A6}.Release|x64.Build.0 = Release|Any CPU
		{6080D2F9-7351-43DA-865C-1187CFE717A6}.Release|x86.ActiveCfg = Release|Any CPU
		{6080D2F9-7351-43DA-865C-1187CFE717A6}.Release|x86.Build.0 = Release|Any CPU
		{3657C22E-61BF-4FEE-AE15-0EAD070B1307}.Debug|Any CPU.ActiveCfg = Debug|Any CPU
		{3657C22E-61BF-4FEE-AE15-0EAD070B1307}.Debug|Any CPU.Build.0 = Debug|Any CPU
		{3657C22E-61BF-4FEE-AE15-0EAD070B1307}.Debug|x64.ActiveCfg = Debug|Any CPU
		{3657C22E-61BF-4FEE-AE15-0EAD070B1307}.Debug|x64.Build.0 = Debug|Any CPU
		{3657C22E-61BF-4FEE-AE15-0EAD070B1307}.Debug|x86.ActiveCfg = Debug|Any CPU
		{3657C22E-61BF-4FEE-AE15-0EAD070B1307}.Debug|x86.Build.0 = Debug|Any CPU
		{3657C22E-61BF-4FEE-AE15-0EAD070B1307}.Release|Any CPU.ActiveCfg = Release|Any CPU
		{3657C22E-61BF-4FEE-AE15-0EAD070B1307}.Release|Any CPU.Build.0 = Release|Any CPU
		{3657C22E-61BF-4FEE-AE15-0EAD070B1307}.Release|x64.ActiveCfg = Release|Any CPU
		{3657C22E-61BF-4FEE-AE15-0EAD070B1307}.Release|x64.Build.0 = Release|Any CPU
		{3657C22E-61BF-4FEE-AE15-0EAD070B1307}.Release|x86.ActiveCfg = Release|Any CPU
		{3657C22E-61BF-4FEE-AE15-0EAD070B1307}.Release|x86.Build.0 = Release|Any CPU
		{A117D233-F8A5-43E7-90E6-126C70F8A0C0}.Debug|Any CPU.ActiveCfg = Debug|Any CPU
		{A117D233-F8A5-43E7-90E6-126C70F8A0C0}.Debug|Any CPU.Build.0 = Debug|Any CPU
		{A117D233-F8A5-43E7-90E6-126C70F8A0C0}.Debug|x64.ActiveCfg = Debug|Any CPU
		{A117D233-F8A5-43E7-90E6-126C70F8A0C0}.Debug|x64.Build.0 = Debug|Any CPU
		{A117D233-F8A5-43E7-90E6-126C70F8A0C0}.Debug|x86.ActiveCfg = Debug|Any CPU
		{A117D233-F8A5-43E7-90E6-126C70F8A0C0}.Debug|x86.Build.0 = Debug|Any CPU
		{A117D233-F8A5-43E7-90E6-126C70F8A0C0}.Release|Any CPU.ActiveCfg = Release|Any CPU
		{A117D233-F8A5-43E7-90E6-126C70F8A0C0}.Release|Any CPU.Build.0 = Release|Any CPU
		{A117D233-F8A5-43E7-90E6-126C70F8A0C0}.Release|x64.ActiveCfg = Release|Any CPU
		{A117D233-F8A5-43E7-90E6-126C70F8A0C0}.Release|x64.Build.0 = Release|Any CPU
		{A117D233-F8A5-43E7-90E6-126C70F8A0C0}.Release|x86.ActiveCfg = Release|Any CPU
		{A117D233-F8A5-43E7-90E6-126C70F8A0C0}.Release|x86.Build.0 = Release|Any CPU
		{448FCE29-97B5-464C-A491-E06B5BD53908}.Debug|Any CPU.ActiveCfg = Debug|Any CPU
		{448FCE29-97B5-464C-A491-E06B5BD53908}.Debug|Any CPU.Build.0 = Debug|Any CPU
		{448FCE29-97B5-464C-A491-E06B5BD53908}.Debug|x64.ActiveCfg = Debug|Any CPU
		{448FCE29-97B5-464C-A491-E06B5BD53908}.Debug|x64.Build.0 = Debug|Any CPU
		{448FCE29-97B5-464C-A491-E06B5BD53908}.Debug|x86.ActiveCfg = Debug|Any CPU
		{448FCE29-97B5-464C-A491-E06B5BD53908}.Debug|x86.Build.0 = Debug|Any CPU
		{448FCE29-97B5-464C-A491-E06B5BD53908}.Release|Any CPU.ActiveCfg = Release|Any CPU
		{448FCE29-97B5-464C-A491-E06B5BD53908}.Release|Any CPU.Build.0 = Release|Any CPU
		{448FCE29-97B5-464C-A491-E06B5BD53908}.Release|x64.ActiveCfg = Release|Any CPU
		{448FCE29-97B5-464C-A491-E06B5BD53908}.Release|x64.Build.0 = Release|Any CPU
		{448FCE29-97B5-464C-A491-E06B5BD53908}.Release|x86.ActiveCfg = Release|Any CPU
		{448FCE29-97B5-464C-A491-E06B5BD53908}.Release|x86.Build.0 = Release|Any CPU
		{5B4C1B75-B7FD-4BBF-A22F-7279739A7AAD}.Debug|Any CPU.ActiveCfg = Debug|Any CPU
		{5B4C1B75-B7FD-4BBF-A22F-7279739A7AAD}.Debug|Any CPU.Build.0 = Debug|Any CPU
		{5B4C1B75-B7FD-4BBF-A22F-7279739A7AAD}.Debug|x64.ActiveCfg = Debug|Any CPU
		{5B4C1B75-B7FD-4BBF-A22F-7279739A7AAD}.Debug|x64.Build.0 = Debug|Any CPU
		{5B4C1B75-B7FD-4BBF-A22F-7279739A7AAD}.Debug|x86.ActiveCfg = Debug|Any CPU
		{5B4C1B75-B7FD-4BBF-A22F-7279739A7AAD}.Debug|x86.Build.0 = Debug|Any CPU
		{5B4C1B75-B7FD-4BBF-A22F-7279739A7AAD}.Release|Any CPU.ActiveCfg = Release|Any CPU
		{5B4C1B75-B7FD-4BBF-A22F-7279739A7AAD}.Release|Any CPU.Build.0 = Release|Any CPU
		{5B4C1B75-B7FD-4BBF-A22F-7279739A7AAD}.Release|x64.ActiveCfg = Release|Any CPU
		{5B4C1B75-B7FD-4BBF-A22F-7279739A7AAD}.Release|x64.Build.0 = Release|Any CPU
		{5B4C1B75-B7FD-4BBF-A22F-7279739A7AAD}.Release|x86.ActiveCfg = Release|Any CPU
		{5B4C1B75-B7FD-4BBF-A22F-7279739A7AAD}.Release|x86.Build.0 = Release|Any CPU
		{7318D5C6-AB80-4331-B500-1630B84EEB73}.Debug|Any CPU.ActiveCfg = Debug|Any CPU
		{7318D5C6-AB80-4331-B500-1630B84EEB73}.Debug|Any CPU.Build.0 = Debug|Any CPU
		{7318D5C6-AB80-4331-B500-1630B84EEB73}.Debug|x64.ActiveCfg = Debug|Any CPU
		{7318D5C6-AB80-4331-B500-1630B84EEB73}.Debug|x64.Build.0 = Debug|Any CPU
		{7318D5C6-AB80-4331-B500-1630B84EEB73}.Debug|x86.ActiveCfg = Debug|Any CPU
		{7318D5C6-AB80-4331-B500-1630B84EEB73}.Debug|x86.Build.0 = Debug|Any CPU
		{7318D5C6-AB80-4331-B500-1630B84EEB73}.Release|Any CPU.ActiveCfg = Release|Any CPU
		{7318D5C6-AB80-4331-B500-1630B84EEB73}.Release|Any CPU.Build.0 = Release|Any CPU
		{7318D5C6-AB80-4331-B500-1630B84EEB73}.Release|x64.ActiveCfg = Release|Any CPU
		{7318D5C6-AB80-4331-B500-1630B84EEB73}.Release|x64.Build.0 = Release|Any CPU
		{7318D5C6-AB80-4331-B500-1630B84EEB73}.Release|x86.ActiveCfg = Release|Any CPU
		{7318D5C6-AB80-4331-B500-1630B84EEB73}.Release|x86.Build.0 = Release|Any CPU
		{FA133487-5194-45D5-9070-2DEAE5EBDF33}.Debug|Any CPU.ActiveCfg = Debug|Any CPU
		{FA133487-5194-45D5-9070-2DEAE5EBDF33}.Debug|Any CPU.Build.0 = Debug|Any CPU
		{FA133487-5194-45D5-9070-2DEAE5EBDF33}.Debug|x64.ActiveCfg = Debug|Any CPU
		{FA133487-5194-45D5-9070-2DEAE5EBDF33}.Debug|x64.Build.0 = Debug|Any CPU
		{FA133487-5194-45D5-9070-2DEAE5EBDF33}.Debug|x86.ActiveCfg = Debug|Any CPU
		{FA133487-5194-45D5-9070-2DEAE5EBDF33}.Debug|x86.Build.0 = Debug|Any CPU
		{FA133487-5194-45D5-9070-2DEAE5EBDF33}.Release|Any CPU.ActiveCfg = Release|Any CPU
		{FA133487-5194-45D5-9070-2DEAE5EBDF33}.Release|Any CPU.Build.0 = Release|Any CPU
		{FA133487-5194-45D5-9070-2DEAE5EBDF33}.Release|x64.ActiveCfg = Release|Any CPU
		{FA133487-5194-45D5-9070-2DEAE5EBDF33}.Release|x64.Build.0 = Release|Any CPU
		{FA133487-5194-45D5-9070-2DEAE5EBDF33}.Release|x86.ActiveCfg = Release|Any CPU
		{FA133487-5194-45D5-9070-2DEAE5EBDF33}.Release|x86.Build.0 = Release|Any CPU
		{30331660-73B0-4F90-87FC-FA40EACD1700}.Debug|Any CPU.ActiveCfg = Debug|Any CPU
		{30331660-73B0-4F90-87FC-FA40EACD1700}.Debug|Any CPU.Build.0 = Debug|Any CPU
		{30331660-73B0-4F90-87FC-FA40EACD1700}.Debug|x64.ActiveCfg = Debug|Any CPU
		{30331660-73B0-4F90-87FC-FA40EACD1700}.Debug|x64.Build.0 = Debug|Any CPU
		{30331660-73B0-4F90-87FC-FA40EACD1700}.Debug|x86.ActiveCfg = Debug|Any CPU
		{30331660-73B0-4F90-87FC-FA40EACD1700}.Debug|x86.Build.0 = Debug|Any CPU
		{30331660-73B0-4F90-87FC-FA40EACD1700}.Release|Any CPU.ActiveCfg = Release|Any CPU
		{30331660-73B0-4F90-87FC-FA40EACD1700}.Release|Any CPU.Build.0 = Release|Any CPU
		{30331660-73B0-4F90-87FC-FA40EACD1700}.Release|x64.ActiveCfg = Release|Any CPU
		{30331660-73B0-4F90-87FC-FA40EACD1700}.Release|x64.Build.0 = Release|Any CPU
		{30331660-73B0-4F90-87FC-FA40EACD1700}.Release|x86.ActiveCfg = Release|Any CPU
		{30331660-73B0-4F90-87FC-FA40EACD1700}.Release|x86.Build.0 = Release|Any CPU
		{BD1F3743-E124-4302-AC7F-9F38274A076A}.Debug|Any CPU.ActiveCfg = Debug|Any CPU
		{BD1F3743-E124-4302-AC7F-9F38274A076A}.Debug|Any CPU.Build.0 = Debug|Any CPU
		{BD1F3743-E124-4302-AC7F-9F38274A076A}.Debug|x64.ActiveCfg = Debug|Any CPU
		{BD1F3743-E124-4302-AC7F-9F38274A076A}.Debug|x64.Build.0 = Debug|Any CPU
		{BD1F3743-E124-4302-AC7F-9F38274A076A}.Debug|x86.ActiveCfg = Debug|Any CPU
		{BD1F3743-E124-4302-AC7F-9F38274A076A}.Debug|x86.Build.0 = Debug|Any CPU
		{BD1F3743-E124-4302-AC7F-9F38274A076A}.Release|Any CPU.ActiveCfg = Release|Any CPU
		{BD1F3743-E124-4302-AC7F-9F38274A076A}.Release|Any CPU.Build.0 = Release|Any CPU
		{BD1F3743-E124-4302-AC7F-9F38274A076A}.Release|x64.ActiveCfg = Release|Any CPU
		{BD1F3743-E124-4302-AC7F-9F38274A076A}.Release|x64.Build.0 = Release|Any CPU
		{BD1F3743-E124-4302-AC7F-9F38274A076A}.Release|x86.ActiveCfg = Release|Any CPU
		{BD1F3743-E124-4302-AC7F-9F38274A076A}.Release|x86.Build.0 = Release|Any CPU
		{208614C2-A85A-4D89-8D81-6EA0C1E8A7D1}.Debug|Any CPU.ActiveCfg = Debug|Any CPU
		{208614C2-A85A-4D89-8D81-6EA0C1E8A7D1}.Debug|Any CPU.Build.0 = Debug|Any CPU
		{208614C2-A85A-4D89-8D81-6EA0C1E8A7D1}.Debug|x64.ActiveCfg = Debug|Any CPU
		{208614C2-A85A-4D89-8D81-6EA0C1E8A7D1}.Debug|x64.Build.0 = Debug|Any CPU
		{208614C2-A85A-4D89-8D81-6EA0C1E8A7D1}.Debug|x86.ActiveCfg = Debug|Any CPU
		{208614C2-A85A-4D89-8D81-6EA0C1E8A7D1}.Debug|x86.Build.0 = Debug|Any CPU
		{208614C2-A85A-4D89-8D81-6EA0C1E8A7D1}.Release|Any CPU.ActiveCfg = Release|Any CPU
		{208614C2-A85A-4D89-8D81-6EA0C1E8A7D1}.Release|Any CPU.Build.0 = Release|Any CPU
		{208614C2-A85A-4D89-8D81-6EA0C1E8A7D1}.Release|x64.ActiveCfg = Release|Any CPU
		{208614C2-A85A-4D89-8D81-6EA0C1E8A7D1}.Release|x64.Build.0 = Release|Any CPU
		{208614C2-A85A-4D89-8D81-6EA0C1E8A7D1}.Release|x86.ActiveCfg = Release|Any CPU
		{208614C2-A85A-4D89-8D81-6EA0C1E8A7D1}.Release|x86.Build.0 = Release|Any CPU
		{79A6B0C2-E4A7-4F90-BFC4-A2ED27CE6CBF}.Debug|Any CPU.ActiveCfg = Debug|Any CPU
		{79A6B0C2-E4A7-4F90-BFC4-A2ED27CE6CBF}.Debug|Any CPU.Build.0 = Debug|Any CPU
		{79A6B0C2-E4A7-4F90-BFC4-A2ED27CE6CBF}.Debug|x64.ActiveCfg = Debug|Any CPU
		{79A6B0C2-E4A7-4F90-BFC4-A2ED27CE6CBF}.Debug|x64.Build.0 = Debug|Any CPU
		{79A6B0C2-E4A7-4F90-BFC4-A2ED27CE6CBF}.Debug|x86.ActiveCfg = Debug|Any CPU
		{79A6B0C2-E4A7-4F90-BFC4-A2ED27CE6CBF}.Debug|x86.Build.0 = Debug|Any CPU
		{79A6B0C2-E4A7-4F90-BFC4-A2ED27CE6CBF}.Release|Any CPU.ActiveCfg = Release|Any CPU
		{79A6B0C2-E4A7-4F90-BFC4-A2ED27CE6CBF}.Release|Any CPU.Build.0 = Release|Any CPU
		{79A6B0C2-E4A7-4F90-BFC4-A2ED27CE6CBF}.Release|x64.ActiveCfg = Release|Any CPU
		{79A6B0C2-E4A7-4F90-BFC4-A2ED27CE6CBF}.Release|x64.Build.0 = Release|Any CPU
		{79A6B0C2-E4A7-4F90-BFC4-A2ED27CE6CBF}.Release|x86.ActiveCfg = Release|Any CPU
		{79A6B0C2-E4A7-4F90-BFC4-A2ED27CE6CBF}.Release|x86.Build.0 = Release|Any CPU
		{75EBCA97-2F71-44FA-8996-B5F2159588AD}.Debug|Any CPU.ActiveCfg = Debug|Any CPU
		{75EBCA97-2F71-44FA-8996-B5F2159588AD}.Debug|Any CPU.Build.0 = Debug|Any CPU
		{75EBCA97-2F71-44FA-8996-B5F2159588AD}.Debug|x64.ActiveCfg = Debug|Any CPU
		{75EBCA97-2F71-44FA-8996-B5F2159588AD}.Debug|x64.Build.0 = Debug|Any CPU
		{75EBCA97-2F71-44FA-8996-B5F2159588AD}.Debug|x86.ActiveCfg = Debug|Any CPU
		{75EBCA97-2F71-44FA-8996-B5F2159588AD}.Debug|x86.Build.0 = Debug|Any CPU
		{75EBCA97-2F71-44FA-8996-B5F2159588AD}.Release|Any CPU.ActiveCfg = Release|Any CPU
		{75EBCA97-2F71-44FA-8996-B5F2159588AD}.Release|Any CPU.Build.0 = Release|Any CPU
		{75EBCA97-2F71-44FA-8996-B5F2159588AD}.Release|x64.ActiveCfg = Release|Any CPU
		{75EBCA97-2F71-44FA-8996-B5F2159588AD}.Release|x64.Build.0 = Release|Any CPU
		{75EBCA97-2F71-44FA-8996-B5F2159588AD}.Release|x86.ActiveCfg = Release|Any CPU
		{75EBCA97-2F71-44FA-8996-B5F2159588AD}.Release|x86.Build.0 = Release|Any CPU
		{420F0AE3-05EC-462E-9732-65AE55461419}.Debug|Any CPU.ActiveCfg = Debug|Any CPU
		{420F0AE3-05EC-462E-9732-65AE55461419}.Debug|Any CPU.Build.0 = Debug|Any CPU
		{420F0AE3-05EC-462E-9732-65AE55461419}.Debug|x64.ActiveCfg = Debug|Any CPU
		{420F0AE3-05EC-462E-9732-65AE55461419}.Debug|x64.Build.0 = Debug|Any CPU
		{420F0AE3-05EC-462E-9732-65AE55461419}.Debug|x86.ActiveCfg = Debug|Any CPU
		{420F0AE3-05EC-462E-9732-65AE55461419}.Debug|x86.Build.0 = Debug|Any CPU
		{420F0AE3-05EC-462E-9732-65AE55461419}.Release|Any CPU.ActiveCfg = Release|Any CPU
		{420F0AE3-05EC-462E-9732-65AE55461419}.Release|Any CPU.Build.0 = Release|Any CPU
		{420F0AE3-05EC-462E-9732-65AE55461419}.Release|x64.ActiveCfg = Release|Any CPU
		{420F0AE3-05EC-462E-9732-65AE55461419}.Release|x64.Build.0 = Release|Any CPU
		{420F0AE3-05EC-462E-9732-65AE55461419}.Release|x86.ActiveCfg = Release|Any CPU
		{420F0AE3-05EC-462E-9732-65AE55461419}.Release|x86.Build.0 = Release|Any CPU
		{5DB68F9A-1D99-488F-A988-842422D7B707}.Debug|Any CPU.ActiveCfg = Debug|Any CPU
		{5DB68F9A-1D99-488F-A988-842422D7B707}.Debug|Any CPU.Build.0 = Debug|Any CPU
		{5DB68F9A-1D99-488F-A988-842422D7B707}.Debug|x64.ActiveCfg = Debug|Any CPU
		{5DB68F9A-1D99-488F-A988-842422D7B707}.Debug|x64.Build.0 = Debug|Any CPU
		{5DB68F9A-1D99-488F-A988-842422D7B707}.Debug|x86.ActiveCfg = Debug|Any CPU
		{5DB68F9A-1D99-488F-A988-842422D7B707}.Debug|x86.Build.0 = Debug|Any CPU
		{5DB68F9A-1D99-488F-A988-842422D7B707}.Release|Any CPU.ActiveCfg = Release|Any CPU
		{5DB68F9A-1D99-488F-A988-842422D7B707}.Release|Any CPU.Build.0 = Release|Any CPU
		{5DB68F9A-1D99-488F-A988-842422D7B707}.Release|x64.ActiveCfg = Release|Any CPU
		{5DB68F9A-1D99-488F-A988-842422D7B707}.Release|x64.Build.0 = Release|Any CPU
		{5DB68F9A-1D99-488F-A988-842422D7B707}.Release|x86.ActiveCfg = Release|Any CPU
		{5DB68F9A-1D99-488F-A988-842422D7B707}.Release|x86.Build.0 = Release|Any CPU
		{0366C4D9-0FEA-41A2-AA4E-74FB0B656C01}.Debug|Any CPU.ActiveCfg = Debug|Any CPU
		{0366C4D9-0FEA-41A2-AA4E-74FB0B656C01}.Debug|Any CPU.Build.0 = Debug|Any CPU
		{0366C4D9-0FEA-41A2-AA4E-74FB0B656C01}.Debug|x64.ActiveCfg = Debug|Any CPU
		{0366C4D9-0FEA-41A2-AA4E-74FB0B656C01}.Debug|x64.Build.0 = Debug|Any CPU
		{0366C4D9-0FEA-41A2-AA4E-74FB0B656C01}.Debug|x86.ActiveCfg = Debug|Any CPU
		{0366C4D9-0FEA-41A2-AA4E-74FB0B656C01}.Debug|x86.Build.0 = Debug|Any CPU
		{0366C4D9-0FEA-41A2-AA4E-74FB0B656C01}.Release|Any CPU.ActiveCfg = Release|Any CPU
		{0366C4D9-0FEA-41A2-AA4E-74FB0B656C01}.Release|Any CPU.Build.0 = Release|Any CPU
		{0366C4D9-0FEA-41A2-AA4E-74FB0B656C01}.Release|x64.ActiveCfg = Release|Any CPU
		{0366C4D9-0FEA-41A2-AA4E-74FB0B656C01}.Release|x64.Build.0 = Release|Any CPU
		{0366C4D9-0FEA-41A2-AA4E-74FB0B656C01}.Release|x86.ActiveCfg = Release|Any CPU
		{0366C4D9-0FEA-41A2-AA4E-74FB0B656C01}.Release|x86.Build.0 = Release|Any CPU
		{E82CD04B-B55B-48E0-9657-4316301D7E77}.Debug|Any CPU.ActiveCfg = Debug|Any CPU
		{E82CD04B-B55B-48E0-9657-4316301D7E77}.Debug|Any CPU.Build.0 = Debug|Any CPU
		{E82CD04B-B55B-48E0-9657-4316301D7E77}.Debug|x64.ActiveCfg = Debug|Any CPU
		{E82CD04B-B55B-48E0-9657-4316301D7E77}.Debug|x64.Build.0 = Debug|Any CPU
		{E82CD04B-B55B-48E0-9657-4316301D7E77}.Debug|x86.ActiveCfg = Debug|Any CPU
		{E82CD04B-B55B-48E0-9657-4316301D7E77}.Debug|x86.Build.0 = Debug|Any CPU
		{E82CD04B-B55B-48E0-9657-4316301D7E77}.Release|Any CPU.ActiveCfg = Release|Any CPU
		{E82CD04B-B55B-48E0-9657-4316301D7E77}.Release|Any CPU.Build.0 = Release|Any CPU
		{E82CD04B-B55B-48E0-9657-4316301D7E77}.Release|x64.ActiveCfg = Release|Any CPU
		{E82CD04B-B55B-48E0-9657-4316301D7E77}.Release|x64.Build.0 = Release|Any CPU
		{E82CD04B-B55B-48E0-9657-4316301D7E77}.Release|x86.ActiveCfg = Release|Any CPU
		{E82CD04B-B55B-48E0-9657-4316301D7E77}.Release|x86.Build.0 = Release|Any CPU
		{51E2F35F-F459-490B-9CF3-C4F0ABB9D7FE}.Debug|Any CPU.ActiveCfg = Debug|Any CPU
		{51E2F35F-F459-490B-9CF3-C4F0ABB9D7FE}.Debug|Any CPU.Build.0 = Debug|Any CPU
		{51E2F35F-F459-490B-9CF3-C4F0ABB9D7FE}.Debug|x64.ActiveCfg = Debug|Any CPU
		{51E2F35F-F459-490B-9CF3-C4F0ABB9D7FE}.Debug|x64.Build.0 = Debug|Any CPU
		{51E2F35F-F459-490B-9CF3-C4F0ABB9D7FE}.Debug|x86.ActiveCfg = Debug|Any CPU
		{51E2F35F-F459-490B-9CF3-C4F0ABB9D7FE}.Debug|x86.Build.0 = Debug|Any CPU
		{51E2F35F-F459-490B-9CF3-C4F0ABB9D7FE}.Release|Any CPU.ActiveCfg = Release|Any CPU
		{51E2F35F-F459-490B-9CF3-C4F0ABB9D7FE}.Release|Any CPU.Build.0 = Release|Any CPU
		{51E2F35F-F459-490B-9CF3-C4F0ABB9D7FE}.Release|x64.ActiveCfg = Release|Any CPU
		{51E2F35F-F459-490B-9CF3-C4F0ABB9D7FE}.Release|x64.Build.0 = Release|Any CPU
		{51E2F35F-F459-490B-9CF3-C4F0ABB9D7FE}.Release|x86.ActiveCfg = Release|Any CPU
		{51E2F35F-F459-490B-9CF3-C4F0ABB9D7FE}.Release|x86.Build.0 = Release|Any CPU
		{A1259E88-BF41-4E8F-9DBC-5C007B0DFB54}.Debug|Any CPU.ActiveCfg = Debug|Any CPU
		{A1259E88-BF41-4E8F-9DBC-5C007B0DFB54}.Debug|Any CPU.Build.0 = Debug|Any CPU
		{A1259E88-BF41-4E8F-9DBC-5C007B0DFB54}.Debug|x64.ActiveCfg = Debug|Any CPU
		{A1259E88-BF41-4E8F-9DBC-5C007B0DFB54}.Debug|x64.Build.0 = Debug|Any CPU
		{A1259E88-BF41-4E8F-9DBC-5C007B0DFB54}.Debug|x86.ActiveCfg = Debug|Any CPU
		{A1259E88-BF41-4E8F-9DBC-5C007B0DFB54}.Debug|x86.Build.0 = Debug|Any CPU
		{A1259E88-BF41-4E8F-9DBC-5C007B0DFB54}.Release|Any CPU.ActiveCfg = Release|Any CPU
		{A1259E88-BF41-4E8F-9DBC-5C007B0DFB54}.Release|Any CPU.Build.0 = Release|Any CPU
		{A1259E88-BF41-4E8F-9DBC-5C007B0DFB54}.Release|x64.ActiveCfg = Release|Any CPU
		{A1259E88-BF41-4E8F-9DBC-5C007B0DFB54}.Release|x64.Build.0 = Release|Any CPU
		{A1259E88-BF41-4E8F-9DBC-5C007B0DFB54}.Release|x86.ActiveCfg = Release|Any CPU
		{A1259E88-BF41-4E8F-9DBC-5C007B0DFB54}.Release|x86.Build.0 = Release|Any CPU
		{26CEA63E-7472-4B4E-B3EC-2CDA3AA6BDDA}.Debug|Any CPU.ActiveCfg = Debug|Any CPU
		{26CEA63E-7472-4B4E-B3EC-2CDA3AA6BDDA}.Debug|Any CPU.Build.0 = Debug|Any CPU
		{26CEA63E-7472-4B4E-B3EC-2CDA3AA6BDDA}.Debug|x64.ActiveCfg = Debug|Any CPU
		{26CEA63E-7472-4B4E-B3EC-2CDA3AA6BDDA}.Debug|x64.Build.0 = Debug|Any CPU
		{26CEA63E-7472-4B4E-B3EC-2CDA3AA6BDDA}.Debug|x86.ActiveCfg = Debug|Any CPU
		{26CEA63E-7472-4B4E-B3EC-2CDA3AA6BDDA}.Debug|x86.Build.0 = Debug|Any CPU
		{26CEA63E-7472-4B4E-B3EC-2CDA3AA6BDDA}.Release|Any CPU.ActiveCfg = Release|Any CPU
		{26CEA63E-7472-4B4E-B3EC-2CDA3AA6BDDA}.Release|Any CPU.Build.0 = Release|Any CPU
		{26CEA63E-7472-4B4E-B3EC-2CDA3AA6BDDA}.Release|x64.ActiveCfg = Release|Any CPU
		{26CEA63E-7472-4B4E-B3EC-2CDA3AA6BDDA}.Release|x64.Build.0 = Release|Any CPU
		{26CEA63E-7472-4B4E-B3EC-2CDA3AA6BDDA}.Release|x86.ActiveCfg = Release|Any CPU
		{26CEA63E-7472-4B4E-B3EC-2CDA3AA6BDDA}.Release|x86.Build.0 = Release|Any CPU
		{DCCA2974-E8F2-4A7C-A2B1-1C5F44C43B7B}.Debug|Any CPU.ActiveCfg = Debug|Any CPU
		{DCCA2974-E8F2-4A7C-A2B1-1C5F44C43B7B}.Debug|Any CPU.Build.0 = Debug|Any CPU
		{DCCA2974-E8F2-4A7C-A2B1-1C5F44C43B7B}.Debug|x64.ActiveCfg = Debug|Any CPU
		{DCCA2974-E8F2-4A7C-A2B1-1C5F44C43B7B}.Debug|x64.Build.0 = Debug|Any CPU
		{DCCA2974-E8F2-4A7C-A2B1-1C5F44C43B7B}.Debug|x86.ActiveCfg = Debug|Any CPU
		{DCCA2974-E8F2-4A7C-A2B1-1C5F44C43B7B}.Debug|x86.Build.0 = Debug|Any CPU
		{DCCA2974-E8F2-4A7C-A2B1-1C5F44C43B7B}.Release|Any CPU.ActiveCfg = Release|Any CPU
		{DCCA2974-E8F2-4A7C-A2B1-1C5F44C43B7B}.Release|Any CPU.Build.0 = Release|Any CPU
		{DCCA2974-E8F2-4A7C-A2B1-1C5F44C43B7B}.Release|x64.ActiveCfg = Release|Any CPU
		{DCCA2974-E8F2-4A7C-A2B1-1C5F44C43B7B}.Release|x64.Build.0 = Release|Any CPU
		{DCCA2974-E8F2-4A7C-A2B1-1C5F44C43B7B}.Release|x86.ActiveCfg = Release|Any CPU
		{DCCA2974-E8F2-4A7C-A2B1-1C5F44C43B7B}.Release|x86.Build.0 = Release|Any CPU
		{7F94180B-58BC-4697-87B3-B6ABAA1D89A7}.Debug|Any CPU.ActiveCfg = Debug|Any CPU
		{7F94180B-58BC-4697-87B3-B6ABAA1D89A7}.Debug|Any CPU.Build.0 = Debug|Any CPU
		{7F94180B-58BC-4697-87B3-B6ABAA1D89A7}.Debug|x64.ActiveCfg = Debug|Any CPU
		{7F94180B-58BC-4697-87B3-B6ABAA1D89A7}.Debug|x64.Build.0 = Debug|Any CPU
		{7F94180B-58BC-4697-87B3-B6ABAA1D89A7}.Debug|x86.ActiveCfg = Debug|Any CPU
		{7F94180B-58BC-4697-87B3-B6ABAA1D89A7}.Debug|x86.Build.0 = Debug|Any CPU
		{7F94180B-58BC-4697-87B3-B6ABAA1D89A7}.Release|Any CPU.ActiveCfg = Release|Any CPU
		{7F94180B-58BC-4697-87B3-B6ABAA1D89A7}.Release|Any CPU.Build.0 = Release|Any CPU
		{7F94180B-58BC-4697-87B3-B6ABAA1D89A7}.Release|x64.ActiveCfg = Release|Any CPU
		{7F94180B-58BC-4697-87B3-B6ABAA1D89A7}.Release|x64.Build.0 = Release|Any CPU
		{7F94180B-58BC-4697-87B3-B6ABAA1D89A7}.Release|x86.ActiveCfg = Release|Any CPU
		{7F94180B-58BC-4697-87B3-B6ABAA1D89A7}.Release|x86.Build.0 = Release|Any CPU
	EndGlobalSection
	GlobalSection(SolutionProperties) = preSolution
		HideSolutionNode = FALSE
	EndGlobalSection
	GlobalSection(NestedProjects) = preSolution
		{F2B29EE7-A797-4AD8-9D9D-33ED4FD4846F} = {D2DB4AE5-8BBD-4F96-9768-E5CA72EA2102}
		{1604D003-4B97-4ECF-9FEA-7CEF7B5B7C7F} = {F2B29EE7-A797-4AD8-9D9D-33ED4FD4846F}
		{33F70A51-2EA1-4985-BB91-360767DEDE5B} = {CE4CFD9C-51BA-45C0-8798-2E094274E238}
		{6080D2F9-7351-43DA-865C-1187CFE717A6} = {33F70A51-2EA1-4985-BB91-360767DEDE5B}
		{3657C22E-61BF-4FEE-AE15-0EAD070B1307} = {CE4CFD9C-51BA-45C0-8798-2E094274E238}
		{A117D233-F8A5-43E7-90E6-126C70F8A0C0} = {CE4CFD9C-51BA-45C0-8798-2E094274E238}
		{448FCE29-97B5-464C-A491-E06B5BD53908} = {33F70A51-2EA1-4985-BB91-360767DEDE5B}
		{5B4C1B75-B7FD-4BBF-A22F-7279739A7AAD} = {4A86B018-6728-44BE-8DCD-3E7182C6E148}
		{7318D5C6-AB80-4331-B500-1630B84EEB73} = {43837924-D5E5-4EF9-912D-FD11E17E5176}
		{FA133487-5194-45D5-9070-2DEAE5EBDF33} = {43837924-D5E5-4EF9-912D-FD11E17E5176}
		{30331660-73B0-4F90-87FC-FA40EACD1700} = {43837924-D5E5-4EF9-912D-FD11E17E5176}
		{BD1F3743-E124-4302-AC7F-9F38274A076A} = {43837924-D5E5-4EF9-912D-FD11E17E5176}
		{208614C2-A85A-4D89-8D81-6EA0C1E8A7D1} = {43837924-D5E5-4EF9-912D-FD11E17E5176}
		{79A6B0C2-E4A7-4F90-BFC4-A2ED27CE6CBF} = {43837924-D5E5-4EF9-912D-FD11E17E5176}
		{75EBCA97-2F71-44FA-8996-B5F2159588AD} = {43837924-D5E5-4EF9-912D-FD11E17E5176}
		{420F0AE3-05EC-462E-9732-65AE55461419} = {4A86B018-6728-44BE-8DCD-3E7182C6E148}
		{5DB68F9A-1D99-488F-A988-842422D7B707} = {4A86B018-6728-44BE-8DCD-3E7182C6E148}
		{6B4772BF-50BA-4450-95A8-38728E2E0B8A} = {D2DB4AE5-8BBD-4F96-9768-E5CA72EA2102}
		{ACF6C651-B4B4-4FF3-9EC0-1E1B640F6502} = {D2DB4AE5-8BBD-4F96-9768-E5CA72EA2102}
		{184A112B-8CD7-452F-9E97-D16EDA46E6AF} = {D2DB4AE5-8BBD-4F96-9768-E5CA72EA2102}
		{0366C4D9-0FEA-41A2-AA4E-74FB0B656C01} = {6B4772BF-50BA-4450-95A8-38728E2E0B8A}
		{E82CD04B-B55B-48E0-9657-4316301D7E77} = {184A112B-8CD7-452F-9E97-D16EDA46E6AF}
		{51E2F35F-F459-490B-9CF3-C4F0ABB9D7FE} = {ACF6C651-B4B4-4FF3-9EC0-1E1B640F6502}
		{A1259E88-BF41-4E8F-9DBC-5C007B0DFB54} = {F2B29EE7-A797-4AD8-9D9D-33ED4FD4846F}
		{DCCA2974-E8F2-4A7C-A2B1-1C5F44C43B7B} = {43837924-D5E5-4EF9-912D-FD11E17E5176}
		{7F94180B-58BC-4697-87B3-B6ABAA1D89A7} = {43837924-D5E5-4EF9-912D-FD11E17E5176}
	EndGlobalSection
	GlobalSection(ExtensibilityGlobals) = postSolution
		SolutionGuid = {514B8FD2-7AC9-46D5-A4F1-D005F27A16D8}
	EndGlobalSection
EndGlobal
